
Microsoft Visual Studio Solution File, Format Version 12.00
# Visual Studio Version 17
VisualStudioVersion = 17.9.34616.47
MinimumVisualStudioVersion = 10.0.40219.1
Project("{FAE04EC0-301F-11D3-BF4B-00C04F79EFBC}") = "saat_yapımı", "saat_yapımı\saat_yapımı.csproj", "{B5D12EEC-A612-467D-864E-E164DC15B9CE}"
EndProject
Global
	GlobalSection(SolutionConfigurationPlatforms) = preSolution
		Debug|Any CPU = Debug|Any CPU
		Release|Any CPU = Release|Any CPU
	EndGlobalSection
	GlobalSection(ProjectConfigurationPlatforms) = postSolution
		{B5D12EEC-A612-467D-864E-E164DC15B9CE}.Debug|Any CPU.ActiveCfg = Debug|Any CPU
		{B5D12EEC-A612-467D-864E-E164DC15B9CE}.Debug|Any CPU.Build.0 = Debug|Any CPU
		{B5D12EEC-A612-467D-864E-E164DC15B9CE}.Release|Any CPU.ActiveCfg = Release|Any CPU
		{B5D12EEC-A612-467D-864E-E164DC15B9CE}.Release|Any CPU.Build.0 = Release|Any CPU
	EndGlobalSection
	GlobalSection(SolutionProperties) = preSolution
		HideSolutionNode = FALSE
	EndGlobalSection
	GlobalSection(ExtensibilityGlobals) = postSolution
		SolutionGuid = {CAB2C5C1-EF74-4B4B-99EB-FCEA73B97293}
	EndGlobalSection
EndGlobal
